// !$*UTF8*$!
{
	archiveVersion = 1;
	classes = {
	};
	objectVersion = 46;
	objects = {

/* Begin PBXBuildFile section */
		3032823F147F725F00F6BF44 /* UIKit.framework in Frameworks */ = {isa = PBXBuildFile; fileRef = 3032823E147F725F00F6BF44 /* UIKit.framework */; };
		30328241147F725F00F6BF44 /* Foundation.framework in Frameworks */ = {isa = PBXBuildFile; fileRef = 30328240147F725F00F6BF44 /* Foundation.framework */; };
		30328243147F725F00F6BF44 /* CoreGraphics.framework in Frameworks */ = {isa = PBXBuildFile; fileRef = 30328242147F725F00F6BF44 /* CoreGraphics.framework */; };
		30328249147F725F00F6BF44 /* InfoPlist.strings in Resources */ = {isa = PBXBuildFile; fileRef = 30328247147F725F00F6BF44 /* InfoPlist.strings */; };
		3032824B147F725F00F6BF44 /* main.m in Sources */ = {isa = PBXBuildFile; fileRef = 3032824A147F725F00F6BF44 /* main.m */; };
		3032824F147F725F00F6BF44 /* AppDelegate.m in Sources */ = {isa = PBXBuildFile; fileRef = 3032824E147F725F00F6BF44 /* AppDelegate.m */; };
		30328252147F725F00F6BF44 /* ViewController.m in Sources */ = {isa = PBXBuildFile; fileRef = 30328251147F725F00F6BF44 /* ViewController.m */; };
		30328255147F725F00F6BF44 /* ViewController.xib in Resources */ = {isa = PBXBuildFile; fileRef = 30328253147F725F00F6BF44 /* ViewController.xib */; };
		3032825D147F772A00F6BF44 /* cell.png in Resources */ = {isa = PBXBuildFile; fileRef = 3032825C147F772A00F6BF44 /* cell.png */; };
/* End PBXBuildFile section */

/* Begin PBXFileReference section */
		3032823A147F725F00F6BF44 /* Button.app */ = {isa = PBXFileReference; explicitFileType = wrapper.application; includeInIndex = 0; path = Button.app; sourceTree = BUILT_PRODUCTS_DIR; };
		3032823E147F725F00F6BF44 /* UIKit.framework */ = {isa = PBXFileReference; lastKnownFileType = wrapper.framework; name = UIKit.framework; path = System/Library/Frameworks/UIKit.framework; sourceTree = SDKROOT; };
		30328240147F725F00F6BF44 /* Foundation.framework */ = {isa = PBXFileReference; lastKnownFileType = wrapper.framework; name = Foundation.framework; path = System/Library/Frameworks/Foundation.framework; sourceTree = SDKROOT; };
		30328242147F725F00F6BF44 /* CoreGraphics.framework */ = {isa = PBXFileReference; lastKnownFileType = wrapper.framework; name = CoreGraphics.framework; path = System/Library/Frameworks/CoreGraphics.framework; sourceTree = SDKROOT; };
		30328246147F725F00F6BF44 /* Button-Info.plist */ = {isa = PBXFileReference; lastKnownFileType = text.plist.xml; path = "Button-Info.plist"; sourceTree = "<group>"; };
		30328248147F725F00F6BF44 /* en */ = {isa = PBXFileReference; lastKnownFileType = text.plist.strings; name = en; path = en.lproj/InfoPlist.strings; sourceTree = "<group>"; };
		3032824A147F725F00F6BF44 /* main.m */ = {isa = PBXFileReference; lastKnownFileType = sourcecode.c.objc; path = main.m; sourceTree = "<group>"; };
		3032824C147F725F00F6BF44 /* Button-Prefix.pch */ = {isa = PBXFileReference; lastKnownFileType = sourcecode.c.h; path = "Button-Prefix.pch"; sourceTree = "<group>"; };
		3032824D147F725F00F6BF44 /* AppDelegate.h */ = {isa = PBXFileReference; lastKnownFileType = sourcecode.c.h; path = AppDelegate.h; sourceTree = "<group>"; };
		3032824E147F725F00F6BF44 /* AppDelegate.m */ = {isa = PBXFileReference; lastKnownFileType = sourcecode.c.objc; path = AppDelegate.m; sourceTree = "<group>"; };
		30328250147F725F00F6BF44 /* ViewController.h */ = {isa = PBXFileReference; lastKnownFileType = sourcecode.c.h; path = ViewController.h; sourceTree = "<group>"; };
		30328251147F725F00F6BF44 /* ViewController.m */ = {isa = PBXFileReference; lastKnownFileType = sourcecode.c.objc; path = ViewController.m; sourceTree = "<group>"; };
		30328254147F725F00F6BF44 /* en */ = {isa = PBXFileReference; lastKnownFileType = file.xib; name = en; path = en.lproj/ViewController.xib; sourceTree = "<group>"; };
		3032825C147F772A00F6BF44 /* cell.png */ = {isa = PBXFileReference; lastKnownFileType = image.png; path = cell.png; sourceTree = "<group>"; };
/* End PBXFileReference section */

/* Begin PBXFrameworksBuildPhase section */
		30328237147F725F00F6BF44 /* Frameworks */ = {
			isa = PBXFrameworksBuildPhase;
			buildActionMask = 2147483647;
			files = (
				3032823F147F725F00F6BF44 /* UIKit.framework in Frameworks */,
				30328241147F725F00F6BF44 /* Foundation.framework in Frameworks */,
				30328243147F725F00F6BF44 /* CoreGraphics.framework in Frameworks */,
			);
			runOnlyForDeploymentPostprocessing = 0;
		};
/* End PBXFrameworksBuildPhase section */

/* Begin PBXGroup section */
		3032822F147F725E00F6BF44 = {
			isa = PBXGroup;
			children = (
				30328244147F725F00F6BF44 /* Button */,
				3032823D147F725F00F6BF44 /* Frameworks */,
				3032823B147F725F00F6BF44 /* Products */,
			);
			sourceTree = "<group>";
		};
		3032823B147F725F00F6BF44 /* Products */ = {
			isa = PBXGroup;
			children = (
				3032823A147F725F00F6BF44 /* Button.app */,
			);
			name = Products;
			sourceTree = "<group>";
		};
		3032823D147F725F00F6BF44 /* Frameworks */ = {
			isa = PBXGroup;
			children = (
				3032823E147F725F00F6BF44 /* UIKit.framework */,
				30328240147F725F00F6BF44 /* Foundation.framework */,
				30328242147F725F00F6BF44 /* CoreGraphics.framework */,
			);
			name = Frameworks;
			sourceTree = "<group>";
		};
		30328244147F725F00F6BF44 /* Button */ = {
			isa = PBXGroup;
			children = (
				3032824D147F725F00F6BF44 /* AppDelegate.h */,
				3032824E147F725F00F6BF44 /* AppDelegate.m */,
				30328250147F725F00F6BF44 /* ViewController.h */,
				30328251147F725F00F6BF44 /* ViewController.m */,
				30328253147F725F00F6BF44 /* ViewController.xib */,
				30328245147F725F00F6BF44 /* Supporting Files */,
			);
			path = Button;
			sourceTree = "<group>";
		};
		30328245147F725F00F6BF44 /* Supporting Files */ = {
			isa = PBXGroup;
			children = (
				3032825B147F769300F6BF44 /* Images */,
				30328246147F725F00F6BF44 /* Button-Info.plist */,
				30328247147F725F00F6BF44 /* InfoPlist.strings */,
				3032824A147F725F00F6BF44 /* main.m */,
				3032824C147F725F00F6BF44 /* Button-Prefix.pch */,
			);
			name = "Supporting Files";
			sourceTree = "<group>";
		};
		3032825B147F769300F6BF44 /* Images */ = {
			isa = PBXGroup;
			children = (
				3032825C147F772A00F6BF44 /* cell.png */,
			);
			name = Images;
			sourceTree = "<group>";
		};
/* End PBXGroup section */

/* Begin PBXNativeTarget section */
		30328239147F725F00F6BF44 /* Button */ = {
			isa = PBXNativeTarget;
			buildConfigurationList = 30328258147F725F00F6BF44 /* Build configuration list for PBXNativeTarget "Button" */;
			buildPhases = (
				30328236147F725F00F6BF44 /* Sources */,
				30328237147F725F00F6BF44 /* Frameworks */,
				30328238147F725F00F6BF44 /* Resources */,
			);
			buildRules = (
			);
			dependencies = (
			);
			name = Button;
			productName = Button;
			productReference = 3032823A147F725F00F6BF44 /* Button.app */;
			productType = "com.apple.product-type.application";
		};
/* End PBXNativeTarget section */

/* Begin PBXProject section */
		30328231147F725E00F6BF44 /* Project object */ = {
			isa = PBXProject;
			attributes = {
				LastUpgradeCheck = 0420;
			};
			buildConfigurationList = 30328234147F725E00F6BF44 /* Build configuration list for PBXProject "Button" */;
			compatibilityVersion = "Xcode 3.2";
			developmentRegion = English;
			hasScannedForEncodings = 0;
			knownRegions = (
				en,
			);
			mainGroup = 3032822F147F725E00F6BF44;
			productRefGroup = 3032823B147F725F00F6BF44 /* Products */;
			projectDirPath = "";
			projectRoot = "";
			targets = (
				30328239147F725F00F6BF44 /* Button */,
			);
		};
/* End PBXProject section */

/* Begin PBXResourcesBuildPhase section */
		30328238147F725F00F6BF44 /* Resources */ = {
			isa = PBXResourcesBuildPhase;
			buildActionMask = 2147483647;
			files = (
				30328249147F725F00F6BF44 /* InfoPlist.strings in Resources */,
				30328255147F725F00F6BF44 /* ViewController.xib in Resources */,
				3032825D147F772A00F6BF44 /* cell.png in Resources */,
			);
			runOnlyForDeploymentPostprocessing = 0;
		};
/* End PBXResourcesBuildPhase section */

/* Begin PBXSourcesBuildPhase section */
		30328236147F725F00F6BF44 /* Sources */ = {
			isa = PBXSourcesBuildPhase;
			buildActionMask = 2147483647;
			files = (
				3032824B147F725F00F6BF44 /* main.m in Sources */,
				3032824F147F725F00F6BF44 /* AppDelegate.m in Sources */,
				30328252147F725F00F6BF44 /* ViewController.m in Sources */,
			);
			runOnlyForDeploymentPostprocessing = 0;
		};
/* End PBXSourcesBuildPhase section */

/* Begin PBXVariantGroup section */
		30328247147F725F00F6BF44 /* InfoPlist.strings */ = {
			isa = PBXVariantGroup;
			children = (
				30328248147F725F00F6BF44 /* en */,
			);
			name = InfoPlist.strings;
			sourceTree = "<group>";
		};
		30328253147F725F00F6BF44 /* ViewController.xib */ = {
			isa = PBXVariantGroup;
			children = (
				30328254147F725F00F6BF44 /* en */,
			);
			name = ViewController.xib;
			sourceTree = "<group>";
		};
/* End PBXVariantGroup section */

/* Begin XCBuildConfiguration section */
		30328256147F725F00F6BF44 /* Debug */ = {
			isa = XCBuildConfiguration;
			buildSettings = {
				ALWAYS_SEARCH_USER_PATHS = NO;
				ARCHS = (
					armv6,
					"$(ARCHS_STANDARD_32_BIT)",
				);
				"CODE_SIGN_IDENTITY[sdk=iphoneos*]" = "iPhone Developer";
				COPY_PHASE_STRIP = NO;
				GCC_C_LANGUAGE_STANDARD = gnu99;
				GCC_DYNAMIC_NO_PIC = NO;
				GCC_OPTIMIZATION_LEVEL = 0;
				GCC_PREPROCESSOR_DEFINITIONS = (
					"DEBUG=1",
					"$(inherited)",
				);
				GCC_SYMBOLS_PRIVATE_EXTERN = NO;
				GCC_VERSION = com.apple.compilers.llvm.clang.1_0;
				GCC_WARN_ABOUT_MISSING_PROTOTYPES = YES;
				GCC_WARN_ABOUT_RETURN_TYPE = YES;
				GCC_WARN_UNUSED_VARIABLE = YES;
				IPHONEOS_DEPLOYMENT_TARGET = 4.2;
				SDKROOT = iphoneos;
			};
			name = Debug;
		};
		30328257147F725F00F6BF44 /* Release */ = {
			isa = XCBuildConfiguration;
			buildSettings = {
				ALWAYS_SEARCH_USER_PATHS = NO;
				ARCHS = (
					armv6,
					"$(ARCHS_STANDARD_32_BIT)",
				);
				"CODE_SIGN_IDENTITY[sdk=iphoneos*]" = "iPhone Developer";
				COPY_PHASE_STRIP = YES;
				GCC_C_LANGUAGE_STANDARD = gnu99;
				GCC_VERSION = com.apple.compilers.llvm.clang.1_0;
				GCC_WARN_ABOUT_MISSING_PROTOTYPES = YES;
				GCC_WARN_ABOUT_RETURN_TYPE = YES;
				GCC_WARN_UNUSED_VARIABLE = YES;
				IPHONEOS_DEPLOYMENT_TARGET = 4.2;
				OTHER_CFLAGS = "-DNS_BLOCK_ASSERTIONS=1";
				SDKROOT = iphoneos;
				VALIDATE_PRODUCT = YES;
			};
			name = Release;
		};
		30328259147F725F00F6BF44 /* Debug */ = {
			isa = XCBuildConfiguration;
			buildSettings = {
				GCC_PRECOMPILE_PREFIX_HEADER = YES;
				GCC_PREFIX_HEADER = "Button/Button-Prefix.pch";
				INFOPLIST_FILE = "Button/Button-Info.plist";
				IPHONEOS_DEPLOYMENT_TARGET = 4.2;
				PRODUCT_NAME = "$(TARGET_NAME)";
				WRAPPER_EXTENSION = app;
			};
			name = Debug;
		};
		3032825A147F725F00F6BF44 /* Release */ = {
			isa = XCBuildConfiguration;
			buildSettings = {
				GCC_PRECOMPILE_PREFIX_HEADER = YES;
				GCC_PREFIX_HEADER = "Button/Button-Prefix.pch";
				INFOPLIST_FILE = "Button/Button-Info.plist";
				IPHONEOS_DEPLOYMENT_TARGET = 4.2;
				PRODUCT_NAME = "$(TARGET_NAME)";
				WRAPPER_EXTENSION = app;
			};
			name = Release;
		};
/* End XCBuildConfiguration section */

/* Begin XCConfigurationList section */
		30328234147F725E00F6BF44 /* Build configuration list for PBXProject "Button" */ = {
			isa = XCConfigurationList;
			buildConfigurations = (
				30328256147F725F00F6BF44 /* Debug */,
				30328257147F725F00F6BF44 /* Release */,
			);
			defaultConfigurationIsVisible = 0;
			defaultConfigurationName = Release;
		};
		30328258147F725F00F6BF44 /* Build configuration list for PBXNativeTarget "Button" */ = {
			isa = XCConfigurationList;
			buildConfigurations = (
				30328259147F725F00F6BF44 /* Debug */,
				3032825A147F725F00F6BF44 /* Release */,
			);
			defaultConfigurationIsVisible = 0;
		};
/* End XCConfigurationList section */
	};
	rootObject = 30328231147F725E00F6BF44 /* Project object */;
}
